<?xml version="1.0" encoding="UTF-8"?>
<CodeBlocks_project_file>
	<FileVersion major="1" minor="6"/>
	<Project>
		<Option title="MetroTest"/>
		<Option makefile_is_custom="1"/>
		<Option compiler="gcc"/>
		<Option virtualFolders="CMake Files\;CMake Files\..\;CMake Files\..\..\;CMake Files\..\..\..\;CMake Files\..\..\..\..\;CMake Files\..\..\..\..\software\;CMake Files\..\..\..\..\software\qt5.13\;CMake Files\..\..\..\..\software\qt5.13\5.13.0\;CMake Files\..\..\..\..\software\qt5.13\5.13.0\mingw73_32\;CMake Files\..\..\..\..\software\qt5.13\5.13.0\mingw73_32\lib\;CMake Files\..\..\..\..\software\qt5.13\5.13.0\mingw73_32\lib\cmake\;CMake Files\..\..\..\..\software\qt5.13\5.13.0\mingw73_32\lib\cmake\Qt5\;CMake Files\..\..\..\..\software\qt5.13\5.13.0\mingw73_32\lib\cmake\Qt5Core\;CMake Files\..\..\..\..\software\qt5.13\5.13.0\mingw73_32\lib\cmake\Qt5Quick\;CMake Files\..\..\..\..\software\qt5.13\5.13.0\mingw73_32\lib\cmake\Qt5Qml\;CMake Files\..\..\..\..\software\qt5.13\5.13.0\mingw73_32\lib\cmake\Qt5Network\;CMake Files\..\..\..\..\software\qt5.13\5.13.0\mingw73_32\lib\cmake\Qt5Gui\;"/>
		<Build>
			<Target title="all">
				<Option working_dir="D:/code/Qml_CustomControl/Test/build-MetroTest-Desktop_Qt_5_13_0_MinGW_32_bit-Default"/>
				<Option type="4"/>
				<MakeCommands>
					<Build command="D:/software/qt5.13/Tools/mingw730_32/bin/mingw32-make.exe -f &quot;D:/code/Qml_CustomControl/Test/build-MetroTest-Desktop_Qt_5_13_0_MinGW_32_bit-Default/Makefile&quot;  VERBOSE=1 all"/>
					<CompileFile command="D:/software/qt5.13/Tools/mingw730_32/bin/mingw32-make.exe -f &quot;D:/code/Qml_CustomControl/Test/build-MetroTest-Desktop_Qt_5_13_0_MinGW_32_bit-Default/Makefile&quot;  VERBOSE=1 &quot;$file&quot;"/>
					<Clean command="D:/software/qt5.13/Tools/mingw730_32/bin/mingw32-make.exe -f &quot;D:/code/Qml_CustomControl/Test/build-MetroTest-Desktop_Qt_5_13_0_MinGW_32_bit-Default/Makefile&quot;  VERBOSE=1 clean"/>
					<DistClean command="D:/software/qt5.13/Tools/mingw730_32/bin/mingw32-make.exe -f &quot;D:/code/Qml_CustomControl/Test/build-MetroTest-Desktop_Qt_5_13_0_MinGW_32_bit-Default/Makefile&quot;  VERBOSE=1 clean"/>
				</MakeCommands>
			</Target>
			<Target title="MetroTest">
				<Option output="D:/code/Qml_CustomControl/Test/build-MetroTest-Desktop_Qt_5_13_0_MinGW_32_bit-Default/MetroTest.exe" prefix_auto="0" extension_auto="0"/>
				<Option working_dir="D:/code/Qml_CustomControl/Test/build-MetroTest-Desktop_Qt_5_13_0_MinGW_32_bit-Default"/>
				<Option object_output="./"/>
				<Option type="1"/>
				<Option compiler="gcc"/>
				<Compiler>
					<Add option="-DQT_CORE_LIB"/>
					<Add option="-DQT_NO_DEBUG"/>
					<Add option="-DQT_QUICK_LIB"/>
					<Add option="-DQT_QML_LIB"/>
					<Add option="-DQT_NETWORK_LIB"/>
					<Add option="-DQT_GUI_LIB"/>
					<Add directory="D:/code/Qml_CustomControl/Test/build-MetroTest-Desktop_Qt_5_13_0_MinGW_32_bit-Default"/>
					<Add directory="D:/code/Qml_CustomControl/Test/MetroTest"/>
					<Add directory="D:/code/Qml_CustomControl/Test/build-MetroTest-Desktop_Qt_5_13_0_MinGW_32_bit-Default/MetroTest_autogen/include"/>
					<Add directory="D:/software/qt5.13/5.13.0/mingw73_32/include"/>
					<Add directory="D:/software/qt5.13/5.13.0/mingw73_32/include/QtCore"/>
					<Add directory="D:/software/qt5.13/5.13.0/mingw73_32/./mkspecs/win32-g++"/>
					<Add directory="D:/software/qt5.13/5.13.0/mingw73_32/include/QtQuick"/>
					<Add directory="D:/software/qt5.13/5.13.0/mingw73_32/include/QtQml"/>
					<Add directory="D:/software/qt5.13/5.13.0/mingw73_32/include/QtNetwork"/>
					<Add directory="D:/software/qt5.13/5.13.0/mingw73_32/include/QtGui"/>
					<Add directory="D:/software/qt5.13/5.13.0/mingw73_32/include/QtANGLE"/>
					<Add directory="D:/software/qt5.13/Tools/mingw730_32/bin/../lib/gcc/i686-w64-mingw32/7.3.0/include/c++"/>
					<Add directory="D:/software/qt5.13/Tools/mingw730_32/bin/../lib/gcc/i686-w64-mingw32/7.3.0/include/c++/i686-w64-mingw32"/>
					<Add directory="D:/software/qt5.13/Tools/mingw730_32/bin/../lib/gcc/i686-w64-mingw32/7.3.0/include/c++/backward"/>
					<Add directory="D:/software/qt5.13/Tools/mingw730_32/bin/../lib/gcc/i686-w64-mingw32/7.3.0/include"/>
					<Add directory="D:/software/qt5.13/Tools/mingw730_32/bin/../lib/gcc/i686-w64-mingw32/7.3.0/include-fixed"/>
					<Add directory="D:/software/qt5.13/Tools/mingw730_32/bin/../lib/gcc/i686-w64-mingw32/7.3.0/../../../../i686-w64-mingw32/include"/>
				</Compiler>
				<MakeCommands>
					<Build command="D:/software/qt5.13/Tools/mingw730_32/bin/mingw32-make.exe -f &quot;D:/code/Qml_CustomControl/Test/build-MetroTest-Desktop_Qt_5_13_0_MinGW_32_bit-Default/Makefile&quot;  VERBOSE=1 MetroTest"/>
					<CompileFile command="D:/software/qt5.13/Tools/mingw730_32/bin/mingw32-make.exe -f &quot;D:/code/Qml_CustomControl/Test/build-MetroTest-Desktop_Qt_5_13_0_MinGW_32_bit-Default/Makefile&quot;  VERBOSE=1 &quot;$file&quot;"/>
					<Clean command="D:/software/qt5.13/Tools/mingw730_32/bin/mingw32-make.exe -f &quot;D:/code/Qml_CustomControl/Test/build-MetroTest-Desktop_Qt_5_13_0_MinGW_32_bit-Default/Makefile&quot;  VERBOSE=1 clean"/>
					<DistClean command="D:/software/qt5.13/Tools/mingw730_32/bin/mingw32-make.exe -f &quot;D:/code/Qml_CustomControl/Test/build-MetroTest-Desktop_Qt_5_13_0_MinGW_32_bit-Default/Makefile&quot;  VERBOSE=1 clean"/>
				</MakeCommands>
			</Target>
			<Target title="MetroTest/fast">
				<Option output="D:/code/Qml_CustomControl/Test/build-MetroTest-Desktop_Qt_5_13_0_MinGW_32_bit-Default/MetroTest.exe" prefix_auto="0" extension_auto="0"/>
				<Option working_dir="D:/code/Qml_CustomControl/Test/build-MetroTest-Desktop_Qt_5_13_0_MinGW_32_bit-Default"/>
				<Option object_output="./"/>
				<Option type="1"/>
				<Option compiler="gcc"/>
				<Compiler>
					<Add option="-DQT_CORE_LIB"/>
					<Add option="-DQT_NO_DEBUG"/>
					<Add option="-DQT_QUICK_LIB"/>
					<Add option="-DQT_QML_LIB"/>
					<Add option="-DQT_NETWORK_LIB"/>
					<Add option="-DQT_GUI_LIB"/>
					<Add directory="D:/code/Qml_CustomControl/Test/build-MetroTest-Desktop_Qt_5_13_0_MinGW_32_bit-Default"/>
					<Add directory="D:/code/Qml_CustomControl/Test/MetroTest"/>
					<Add directory="D:/code/Qml_CustomControl/Test/build-MetroTest-Desktop_Qt_5_13_0_MinGW_32_bit-Default/MetroTest_autogen/include"/>
					<Add directory="D:/software/qt5.13/5.13.0/mingw73_32/include"/>
					<Add directory="D:/software/qt5.13/5.13.0/mingw73_32/include/QtCore"/>
					<Add directory="D:/software/qt5.13/5.13.0/mingw73_32/./mkspecs/win32-g++"/>
					<Add directory="D:/software/qt5.13/5.13.0/mingw73_32/include/QtQuick"/>
					<Add directory="D:/software/qt5.13/5.13.0/mingw73_32/include/QtQml"/>
					<Add directory="D:/software/qt5.13/5.13.0/mingw73_32/include/QtNetwork"/>
					<Add directory="D:/software/qt5.13/5.13.0/mingw73_32/include/QtGui"/>
					<Add directory="D:/software/qt5.13/5.13.0/mingw73_32/include/QtANGLE"/>
					<Add directory="D:/software/qt5.13/Tools/mingw730_32/bin/../lib/gcc/i686-w64-mingw32/7.3.0/include/c++"/>
					<Add directory="D:/software/qt5.13/Tools/mingw730_32/bin/../lib/gcc/i686-w64-mingw32/7.3.0/include/c++/i686-w64-mingw32"/>
					<Add directory="D:/software/qt5.13/Tools/mingw730_32/bin/../lib/gcc/i686-w64-mingw32/7.3.0/include/c++/backward"/>
					<Add directory="D:/software/qt5.13/Tools/mingw730_32/bin/../lib/gcc/i686-w64-mingw32/7.3.0/include"/>
					<Add directory="D:/software/qt5.13/Tools/mingw730_32/bin/../lib/gcc/i686-w64-mingw32/7.3.0/include-fixed"/>
					<Add directory="D:/software/qt5.13/Tools/mingw730_32/bin/../lib/gcc/i686-w64-mingw32/7.3.0/../../../../i686-w64-mingw32/include"/>
				</Compiler>
				<MakeCommands>
					<Build command="D:/software/qt5.13/Tools/mingw730_32/bin/mingw32-make.exe -f &quot;D:/code/Qml_CustomControl/Test/build-MetroTest-Desktop_Qt_5_13_0_MinGW_32_bit-Default/Makefile&quot;  VERBOSE=1 MetroTest/fast"/>
					<CompileFile command="D:/software/qt5.13/Tools/mingw730_32/bin/mingw32-make.exe -f &quot;D:/code/Qml_CustomControl/Test/build-MetroTest-Desktop_Qt_5_13_0_MinGW_32_bit-Default/Makefile&quot;  VERBOSE=1 &quot;$file&quot;"/>
					<Clean command="D:/software/qt5.13/Tools/mingw730_32/bin/mingw32-make.exe -f &quot;D:/code/Qml_CustomControl/Test/build-MetroTest-Desktop_Qt_5_13_0_MinGW_32_bit-Default/Makefile&quot;  VERBOSE=1 clean"/>
					<DistClean command="D:/software/qt5.13/Tools/mingw730_32/bin/mingw32-make.exe -f &quot;D:/code/Qml_CustomControl/Test/build-MetroTest-Desktop_Qt_5_13_0_MinGW_32_bit-Default/Makefile&quot;  VERBOSE=1 clean"/>
				</MakeCommands>
			</Target>
			<Target title="edit_cache">
				<Option working_dir="D:/code/Qml_CustomControl/Test/build-MetroTest-Desktop_Qt_5_13_0_MinGW_32_bit-Default"/>
				<Option type="4"/>
				<MakeCommands>
					<Build command="D:/software/qt5.13/Tools/mingw730_32/bin/mingw32-make.exe -f &quot;D:/code/Qml_CustomControl/Test/build-MetroTest-Desktop_Qt_5_13_0_MinGW_32_bit-Default/Makefile&quot;  VERBOSE=1 edit_cache"/>
					<CompileFile command="D:/software/qt5.13/Tools/mingw730_32/bin/mingw32-make.exe -f &quot;D:/code/Qml_CustomControl/Test/build-MetroTest-Desktop_Qt_5_13_0_MinGW_32_bit-Default/Makefile&quot;  VERBOSE=1 &quot;$file&quot;"/>
					<Clean command="D:/software/qt5.13/Tools/mingw730_32/bin/mingw32-make.exe -f &quot;D:/code/Qml_CustomControl/Test/build-MetroTest-Desktop_Qt_5_13_0_MinGW_32_bit-Default/Makefile&quot;  VERBOSE=1 clean"/>
					<DistClean command="D:/software/qt5.13/Tools/mingw730_32/bin/mingw32-make.exe -f &quot;D:/code/Qml_CustomControl/Test/build-MetroTest-Desktop_Qt_5_13_0_MinGW_32_bit-Default/Makefile&quot;  VERBOSE=1 clean"/>
				</MakeCommands>
			</Target>
			<Target title="rebuild_cache">
				<Option working_dir="D:/code/Qml_CustomControl/Test/build-MetroTest-Desktop_Qt_5_13_0_MinGW_32_bit-Default"/>
				<Option type="4"/>
				<MakeCommands>
					<Build command="D:/software/qt5.13/Tools/mingw730_32/bin/mingw32-make.exe -f &quot;D:/code/Qml_CustomControl/Test/build-MetroTest-Desktop_Qt_5_13_0_MinGW_32_bit-Default/Makefile&quot;  VERBOSE=1 rebuild_cache"/>
					<CompileFile command="D:/software/qt5.13/Tools/mingw730_32/bin/mingw32-make.exe -f &quot;D:/code/Qml_CustomControl/Test/build-MetroTest-Desktop_Qt_5_13_0_MinGW_32_bit-Default/Makefile&quot;  VERBOSE=1 &quot;$file&quot;"/>
					<Clean command="D:/software/qt5.13/Tools/mingw730_32/bin/mingw32-make.exe -f &quot;D:/code/Qml_CustomControl/Test/build-MetroTest-Desktop_Qt_5_13_0_MinGW_32_bit-Default/Makefile&quot;  VERBOSE=1 clean"/>
					<DistClean command="D:/software/qt5.13/Tools/mingw730_32/bin/mingw32-make.exe -f &quot;D:/code/Qml_CustomControl/Test/build-MetroTest-Desktop_Qt_5_13_0_MinGW_32_bit-Default/Makefile&quot;  VERBOSE=1 clean"/>
				</MakeCommands>
			</Target>
			<Target title="MetroTest_autogen">
				<Option working_dir="D:/code/Qml_CustomControl/Test/build-MetroTest-Desktop_Qt_5_13_0_MinGW_32_bit-Default"/>
				<Option type="4"/>
				<MakeCommands>
					<Build command="D:/software/qt5.13/Tools/mingw730_32/bin/mingw32-make.exe -f &quot;D:/code/Qml_CustomControl/Test/build-MetroTest-Desktop_Qt_5_13_0_MinGW_32_bit-Default/Makefile&quot;  VERBOSE=1 MetroTest_autogen"/>
					<CompileFile command="D:/software/qt5.13/Tools/mingw730_32/bin/mingw32-make.exe -f &quot;D:/code/Qml_CustomControl/Test/build-MetroTest-Desktop_Qt_5_13_0_MinGW_32_bit-Default/Makefile&quot;  VERBOSE=1 &quot;$file&quot;"/>
					<Clean command="D:/software/qt5.13/Tools/mingw730_32/bin/mingw32-make.exe -f &quot;D:/code/Qml_CustomControl/Test/build-MetroTest-Desktop_Qt_5_13_0_MinGW_32_bit-Default/Makefile&quot;  VERBOSE=1 clean"/>
					<DistClean command="D:/software/qt5.13/Tools/mingw730_32/bin/mingw32-make.exe -f &quot;D:/code/Qml_CustomControl/Test/build-MetroTest-Desktop_Qt_5_13_0_MinGW_32_bit-Default/Makefile&quot;  VERBOSE=1 clean"/>
				</MakeCommands>
			</Target>
		</Build>
		<Unit filename="D:/code/Qml_CustomControl/Test/MetroTest/main.cpp">
			<Option target="MetroTest"/>
		</Unit>
		<Unit filename="D:/code/Qml_CustomControl/Test/MetroTest/qml.qrc">
			<Option target="MetroTest"/>
		</Unit>
		<Unit filename="D:/code/Qml_CustomControl/Test/build-MetroTest-Desktop_Qt_5_13_0_MinGW_32_bit-Default/MetroTest_autogen/EWIEGA46WW/qrc_qml.cpp">
			<Option target="MetroTest"/>
		</Unit>
		<Unit filename="D:/code/Qml_CustomControl/Test/build-MetroTest-Desktop_Qt_5_13_0_MinGW_32_bit-Default/MetroTest_autogen/EWIEGA46WW/qrc_qml.cpp.rule">
			<Option target="MetroTest"/>
		</Unit>
		<Unit filename="D:/code/Qml_CustomControl/Test/build-MetroTest-Desktop_Qt_5_13_0_MinGW_32_bit-Default/MetroTest_autogen/mocs_compilation.cpp">
			<Option target="MetroTest"/>
		</Unit>
		<Unit filename="D:/code/Qml_CustomControl/Test/MetroTest/CMakeLists.txt">
			<Option virtualFolder="CMake Files\"/>
		</Unit>
		<Unit filename="D:/code/Qml_CustomControl/Test/MetroTest/qml.qrc">
			<Option virtualFolder="CMake Files\"/>
		</Unit>
		<Unit filename="D:/code/Qml_CustomControl/Test/MetroTest/../../../../software/qt5.13/5.13.0/mingw73_32/lib/cmake/Qt5/Qt5Config.cmake">
			<Option virtualFolder="CMake Files\..\..\..\..\software\qt5.13\5.13.0\mingw73_32\lib\cmake\Qt5\"/>
		</Unit>
		<Unit filename="D:/code/Qml_CustomControl/Test/MetroTest/../../../../software/qt5.13/5.13.0/mingw73_32/lib/cmake/Qt5/Qt5ConfigVersion.cmake">
			<Option virtualFolder="CMake Files\..\..\..\..\software\qt5.13\5.13.0\mingw73_32\lib\cmake\Qt5\"/>
		</Unit>
		<Unit filename="D:/code/Qml_CustomControl/Test/MetroTest/../../../../software/qt5.13/5.13.0/mingw73_32/lib/cmake/Qt5/Qt5ModuleLocation.cmake">
			<Option virtualFolder="CMake Files\..\..\..\..\software\qt5.13\5.13.0\mingw73_32\lib\cmake\Qt5\"/>
		</Unit>
		<Unit filename="D:/code/Qml_CustomControl/Test/MetroTest/../../../../software/qt5.13/5.13.0/mingw73_32/lib/cmake/Qt5Core/Qt5CoreConfig.cmake">
			<Option virtualFolder="CMake Files\..\..\..\..\software\qt5.13\5.13.0\mingw73_32\lib\cmake\Qt5Core\"/>
		</Unit>
		<Unit filename="D:/code/Qml_CustomControl/Test/MetroTest/../../../../software/qt5.13/5.13.0/mingw73_32/lib/cmake/Qt5Core/Qt5CoreConfigExtras.cmake">
			<Option virtualFolder="CMake Files\..\..\..\..\software\qt5.13\5.13.0\mingw73_32\lib\cmake\Qt5Core\"/>
		</Unit>
		<Unit filename="D:/code/Qml_CustomControl/Test/MetroTest/../../../../software/qt5.13/5.13.0/mingw73_32/lib/cmake/Qt5Core/Qt5CoreConfigExtrasMkspecDir.cmake">
			<Option virtualFolder="CMake Files\..\..\..\..\software\qt5.13\5.13.0\mingw73_32\lib\cmake\Qt5Core\"/>
		</Unit>
		<Unit filename="D:/code/Qml_CustomControl/Test/MetroTest/../../../../software/qt5.13/5.13.0/mingw73_32/lib/cmake/Qt5Core/Qt5CoreConfigVersion.cmake">
			<Option virtualFolder="CMake Files\..\..\..\..\software\qt5.13\5.13.0\mingw73_32\lib\cmake\Qt5Core\"/>
		</Unit>
		<Unit filename="D:/code/Qml_CustomControl/Test/MetroTest/../../../../software/qt5.13/5.13.0/mingw73_32/lib/cmake/Qt5Core/Qt5CoreMacros.cmake">
			<Option virtualFolder="CMake Files\..\..\..\..\software\qt5.13\5.13.0\mingw73_32\lib\cmake\Qt5Core\"/>
		</Unit>
		<Unit filename="D:/code/Qml_CustomControl/Test/MetroTest/../../../../software/qt5.13/5.13.0/mingw73_32/lib/cmake/Qt5Quick/Qt5QuickConfig.cmake">
			<Option virtualFolder="CMake Files\..\..\..\..\software\qt5.13\5.13.0\mingw73_32\lib\cmake\Qt5Quick\"/>
		</Unit>
		<Unit filename="D:/code/Qml_CustomControl/Test/MetroTest/../../../../software/qt5.13/5.13.0/mingw73_32/lib/cmake/Qt5Quick/Qt5QuickConfigVersion.cmake">
			<Option virtualFolder="CMake Files\..\..\..\..\software\qt5.13\5.13.0\mingw73_32\lib\cmake\Qt5Quick\"/>
		</Unit>
		<Unit filename="D:/code/Qml_CustomControl/Test/MetroTest/../../../../software/qt5.13/5.13.0/mingw73_32/lib/cmake/Qt5Qml/Qt5QmlConfig.cmake">
			<Option virtualFolder="CMake Files\..\..\..\..\software\qt5.13\5.13.0\mingw73_32\lib\cmake\Qt5Qml\"/>
		</Unit>
		<Unit filename="D:/code/Qml_CustomControl/Test/MetroTest/../../../../software/qt5.13/5.13.0/mingw73_32/lib/cmake/Qt5Qml/Qt5QmlConfigExtras.cmake">
			<Option virtualFolder="CMake Files\..\..\..\..\software\qt5.13\5.13.0\mingw73_32\lib\cmake\Qt5Qml\"/>
		</Unit>
		<Unit filename="D:/code/Qml_CustomControl/Test/MetroTest/../../../../software/qt5.13/5.13.0/mingw73_32/lib/cmake/Qt5Qml/Qt5QmlConfigVersion.cmake">
			<Option virtualFolder="CMake Files\..\..\..\..\software\qt5.13\5.13.0\mingw73_32\lib\cmake\Qt5Qml\"/>
		</Unit>
		<Unit filename="D:/code/Qml_CustomControl/Test/MetroTest/../../../../software/qt5.13/5.13.0/mingw73_32/lib/cmake/Qt5Qml/Qt5Qml_QDebugMessageServiceFactory.cmake">
			<Option virtualFolder="CMake Files\..\..\..\..\software\qt5.13\5.13.0\mingw73_32\lib\cmake\Qt5Qml\"/>
		</Unit>
		<Unit filename="D:/code/Qml_CustomControl/Test/MetroTest/../../../../software/qt5.13/5.13.0/mingw73_32/lib/cmake/Qt5Qml/Qt5Qml_QLocalClientConnectionFactory.cmake">
			<Option virtualFolder="CMake Files\..\..\..\..\software\qt5.13\5.13.0\mingw73_32\lib\cmake\Qt5Qml\"/>
		</Unit>
		<Unit filename="D:/code/Qml_CustomControl/Test/MetroTest/../../../../software/qt5.13/5.13.0/mingw73_32/lib/cmake/Qt5Qml/Qt5Qml_QQmlDebugServerFactory.cmake">
			<Option virtualFolder="CMake Files\..\..\..\..\software\qt5.13\5.13.0\mingw73_32\lib\cmake\Qt5Qml\"/>
		</Unit>
		<Unit filename="D:/code/Qml_CustomControl/Test/MetroTest/../../../../software/qt5.13/5.13.0/mingw73_32/lib/cmake/Qt5Qml/Qt5Qml_QQmlDebuggerServiceFactory.cmake">
			<Option virtualFolder="CMake Files\..\..\..\..\software\qt5.13\5.13.0\mingw73_32\lib\cmake\Qt5Qml\"/>
		</Unit>
		<Unit filename="D:/code/Qml_CustomControl/Test/MetroTest/../../../../software/qt5.13/5.13.0/mingw73_32/lib/cmake/Qt5Qml/Qt5Qml_QQmlInspectorServiceFactory.cmake">
			<Option virtualFolder="CMake Files\..\..\..\..\software\qt5.13\5.13.0\mingw73_32\lib\cmake\Qt5Qml\"/>
		</Unit>
		<Unit filename="D:/code/Qml_CustomControl/Test/MetroTest/../../../../software/qt5.13/5.13.0/mingw73_32/lib/cmake/Qt5Qml/Qt5Qml_QQmlNativeDebugConnectorFactory.cmake">
			<Option virtualFolder="CMake Files\..\..\..\..\software\qt5.13\5.13.0\mingw73_32\lib\cmake\Qt5Qml\"/>
		</Unit>
		<Unit filename="D:/code/Qml_CustomControl/Test/MetroTest/../../../../software/qt5.13/5.13.0/mingw73_32/lib/cmake/Qt5Qml/Qt5Qml_QQmlNativeDebugServiceFactory.cmake">
			<Option virtualFolder="CMake Files\..\..\..\..\software\qt5.13\5.13.0\mingw73_32\lib\cmake\Qt5Qml\"/>
		</Unit>
		<Unit filename="D:/code/Qml_CustomControl/Test/MetroTest/../../../../software/qt5.13/5.13.0/mingw73_32/lib/cmake/Qt5Qml/Qt5Qml_QQmlPreviewServiceFactory.cmake">
			<Option virtualFolder="CMake Files\..\..\..\..\software\qt5.13\5.13.0\mingw73_32\lib\cmake\Qt5Qml\"/>
		</Unit>
		<Unit filename="D:/code/Qml_CustomControl/Test/MetroTest/../../../../software/qt5.13/5.13.0/mingw73_32/lib/cmake/Qt5Qml/Qt5Qml_QQmlProfilerServiceFactory.cmake">
			<Option virtualFolder="CMake Files\..\..\..\..\software\qt5.13\5.13.0\mingw73_32\lib\cmake\Qt5Qml\"/>
		</Unit>
		<Unit filename="D:/code/Qml_CustomControl/Test/MetroTest/../../../../software/qt5.13/5.13.0/mingw73_32/lib/cmake/Qt5Qml/Qt5Qml_QQuickProfilerAdapterFactory.cmake">
			<Option virtualFolder="CMake Files\..\..\..\..\software\qt5.13\5.13.0\mingw73_32\lib\cmake\Qt5Qml\"/>
		</Unit>
		<Unit filename="D:/code/Qml_CustomControl/Test/MetroTest/../../../../software/qt5.13/5.13.0/mingw73_32/lib/cmake/Qt5Qml/Qt5Qml_QTcpServerConnectionFactory.cmake">
			<Option virtualFolder="CMake Files\..\..\..\..\software\qt5.13\5.13.0\mingw73_32\lib\cmake\Qt5Qml\"/>
		</Unit>
		<Unit filename="D:/code/Qml_CustomControl/Test/MetroTest/../../../../software/qt5.13/5.13.0/mingw73_32/lib/cmake/Qt5Network/Qt5NetworkConfig.cmake">
			<Option virtualFolder="CMake Files\..\..\..\..\software\qt5.13\5.13.0\mingw73_32\lib\cmake\Qt5Network\"/>
		</Unit>
		<Unit filename="D:/code/Qml_CustomControl/Test/MetroTest/../../../../software/qt5.13/5.13.0/mingw73_32/lib/cmake/Qt5Network/Qt5NetworkConfigVersion.cmake">
			<Option virtualFolder="CMake Files\..\..\..\..\software\qt5.13\5.13.0\mingw73_32\lib\cmake\Qt5Network\"/>
		</Unit>
		<Unit filename="D:/code/Qml_CustomControl/Test/MetroTest/../../../../software/qt5.13/5.13.0/mingw73_32/lib/cmake/Qt5Network/Qt5Network_QGenericEnginePlugin.cmake">
			<Option virtualFolder="CMake Files\..\..\..\..\software\qt5.13\5.13.0\mingw73_32\lib\cmake\Qt5Network\"/>
		</Unit>
		<Unit filename="D:/code/Qml_CustomControl/Test/MetroTest/../../../../software/qt5.13/5.13.0/mingw73_32/lib/cmake/Qt5Gui/Qt5GuiConfig.cmake">
			<Option virtualFolder="CMake Files\..\..\..\..\software\qt5.13\5.13.0\mingw73_32\lib\cmake\Qt5Gui\"/>
		</Unit>
		<Unit filename="D:/code/Qml_CustomControl/Test/MetroTest/../../../../software/qt5.13/5.13.0/mingw73_32/lib/cmake/Qt5Gui/Qt5GuiConfigExtras.cmake">
			<Option virtualFolder="CMake Files\..\..\..\..\software\qt5.13\5.13.0\mingw73_32\lib\cmake\Qt5Gui\"/>
		</Unit>
		<Unit filename="D:/code/Qml_CustomControl/Test/MetroTest/../../../../software/qt5.13/5.13.0/mingw73_32/lib/cmake/Qt5Gui/Qt5GuiConfigVersion.cmake">
			<Option virtualFolder="CMake Files\..\..\..\..\software\qt5.13\5.13.0\mingw73_32\lib\cmake\Qt5Gui\"/>
		</Unit>
		<Unit filename="D:/code/Qml_CustomControl/Test/MetroTest/../../../../software/qt5.13/5.13.0/mingw73_32/lib/cmake/Qt5Gui/Qt5Gui_QGifPlugin.cmake">
			<Option virtualFolder="CMake Files\..\..\..\..\software\qt5.13\5.13.0\mingw73_32\lib\cmake\Qt5Gui\"/>
		</Unit>
		<Unit filename="D:/code/Qml_CustomControl/Test/MetroTest/../../../../software/qt5.13/5.13.0/mingw73_32/lib/cmake/Qt5Gui/Qt5Gui_QICNSPlugin.cmake">
			<Option virtualFolder="CMake Files\..\..\..\..\software\qt5.13\5.13.0\mingw73_32\lib\cmake\Qt5Gui\"/>
		</Unit>
		<Unit filename="D:/code/Qml_CustomControl/Test/MetroTest/../../../../software/qt5.13/5.13.0/mingw73_32/lib/cmake/Qt5Gui/Qt5Gui_QICOPlugin.cmake">
			<Option virtualFolder="CMake Files\..\..\..\..\software\qt5.13\5.13.0\mingw73_32\lib\cmake\Qt5Gui\"/>
		</Unit>
		<Unit filename="D:/code/Qml_CustomControl/Test/MetroTest/../../../../software/qt5.13/5.13.0/mingw73_32/lib/cmake/Qt5Gui/Qt5Gui_QJpegPlugin.cmake">
			<Option virtualFolder="CMake Files\..\..\..\..\software\qt5.13\5.13.0\mingw73_32\lib\cmake\Qt5Gui\"/>
		</Unit>
		<Unit filename="D:/code/Qml_CustomControl/Test/MetroTest/../../../../software/qt5.13/5.13.0/mingw73_32/lib/cmake/Qt5Gui/Qt5Gui_QMinimalIntegrationPlugin.cmake">
			<Option virtualFolder="CMake Files\..\..\..\..\software\qt5.13\5.13.0\mingw73_32\lib\cmake\Qt5Gui\"/>
		</Unit>
		<Unit filename="D:/code/Qml_CustomControl/Test/MetroTest/../../../../software/qt5.13/5.13.0/mingw73_32/lib/cmake/Qt5Gui/Qt5Gui_QOffscreenIntegrationPlugin.cmake">
			<Option virtualFolder="CMake Files\..\..\..\..\software\qt5.13\5.13.0\mingw73_32\lib\cmake\Qt5Gui\"/>
		</Unit>
		<Unit filename="D:/code/Qml_CustomControl/Test/MetroTest/../../../../software/qt5.13/5.13.0/mingw73_32/lib/cmake/Qt5Gui/Qt5Gui_QTgaPlugin.cmake">
			<Option virtualFolder="CMake Files\..\..\..\..\software\qt5.13\5.13.0\mingw73_32\lib\cmake\Qt5Gui\"/>
		</Unit>
		<Unit filename="D:/code/Qml_CustomControl/Test/MetroTest/../../../../software/qt5.13/5.13.0/mingw73_32/lib/cmake/Qt5Gui/Qt5Gui_QTiffPlugin.cmake">
			<Option virtualFolder="CMake Files\..\..\..\..\software\qt5.13\5.13.0\mingw73_32\lib\cmake\Qt5Gui\"/>
		</Unit>
		<Unit filename="D:/code/Qml_CustomControl/Test/MetroTest/../../../../software/qt5.13/5.13.0/mingw73_32/lib/cmake/Qt5Gui/Qt5Gui_QTuioTouchPlugin.cmake">
			<Option virtualFolder="CMake Files\..\..\..\..\software\qt5.13\5.13.0\mingw73_32\lib\cmake\Qt5Gui\"/>
		</Unit>
		<Unit filename="D:/code/Qml_CustomControl/Test/MetroTest/../../../../software/qt5.13/5.13.0/mingw73_32/lib/cmake/Qt5Gui/Qt5Gui_QVirtualKeyboardPlugin.cmake">
			<Option virtualFolder="CMake Files\..\..\..\..\software\qt5.13\5.13.0\mingw73_32\lib\cmake\Qt5Gui\"/>
		</Unit>
		<Unit filename="D:/code/Qml_CustomControl/Test/MetroTest/../../../../software/qt5.13/5.13.0/mingw73_32/lib/cmake/Qt5Gui/Qt5Gui_QWbmpPlugin.cmake">
			<Option virtualFolder="CMake Files\..\..\..\..\software\qt5.13\5.13.0\mingw73_32\lib\cmake\Qt5Gui\"/>
		</Unit>
		<Unit filename="D:/code/Qml_CustomControl/Test/MetroTest/../../../../software/qt5.13/5.13.0/mingw73_32/lib/cmake/Qt5Gui/Qt5Gui_QWebGLIntegrationPlugin.cmake">
			<Option virtualFolder="CMake Files\..\..\..\..\software\qt5.13\5.13.0\mingw73_32\lib\cmake\Qt5Gui\"/>
		</Unit>
		<Unit filename="D:/code/Qml_CustomControl/Test/MetroTest/../../../../software/qt5.13/5.13.0/mingw73_32/lib/cmake/Qt5Gui/Qt5Gui_QWebpPlugin.cmake">
			<Option virtualFolder="CMake Files\..\..\..\..\software\qt5.13\5.13.0\mingw73_32\lib\cmake\Qt5Gui\"/>
		</Unit>
		<Unit filename="D:/code/Qml_CustomControl/Test/MetroTest/../../../../software/qt5.13/5.13.0/mingw73_32/lib/cmake/Qt5Gui/Qt5Gui_QWindowsDirect2DIntegrationPlugin.cmake">
			<Option virtualFolder="CMake Files\..\..\..\..\software\qt5.13\5.13.0\mingw73_32\lib\cmake\Qt5Gui\"/>
		</Unit>
		<Unit filename="D:/code/Qml_CustomControl/Test/MetroTest/../../../../software/qt5.13/5.13.0/mingw73_32/lib/cmake/Qt5Gui/Qt5Gui_QWindowsIntegrationPlugin.cmake">
			<Option virtualFolder="CMake Files\..\..\..\..\software\qt5.13\5.13.0\mingw73_32\lib\cmake\Qt5Gui\"/>
		</Unit>
		<Unit filename="D:/code/Qml_CustomControl/Test/MetroTest/../../../../software/qt5.13/5.13.0/mingw73_32/lib/cmake/Qt5Gui/Qt5Gui_QXdgDesktopPortalThemePlugin.cmake">
			<Option virtualFolder="CMake Files\..\..\..\..\software\qt5.13\5.13.0\mingw73_32\lib\cmake\Qt5Gui\"/>
		</Unit>
	</Project>
</CodeBlocks_project_file>
